// !$*UTF8*$!
{
	archiveVersion = 1;
	classes = {
	};
	objectVersion = 51;
	objects = {

/* Begin PBXBuildFile section */
		42B334E22801B5B800CDCD41 /* AppDelegate.swift in Sources */ = {isa = PBXBuildFile; fileRef = 42B334E12801B5B800CDCD41 /* AppDelegate.swift */; };
		42B334EB2801B5BA00CDCD41 /* Assets.xcassets in Resources */ = {isa = PBXBuildFile; fileRef = 42B334EA2801B5BA00CDCD41 /* Assets.xcassets */; };
		42B334EE2801B5BA00CDCD41 /* LaunchScreen.storyboard in Resources */ = {isa = PBXBuildFile; fileRef = 42B334EC2801B5BA00CDCD41 /* LaunchScreen.storyboard */; };
		42B334F62801B66E00CDCD41 /* SafeUnwrap.swift in Sources */ = {isa = PBXBuildFile; fileRef = 42B334F52801B66E00CDCD41 /* SafeUnwrap.swift */; };
		42B334F82801B6C700CDCD41 /* ExampleViewController.swift in Sources */ = {isa = PBXBuildFile; fileRef = 42B334F72801B6C700CDCD41 /* ExampleViewController.swift */; };
		42B334FA2801B8F100CDCD41 /* DateUtils.swift in Sources */ = {isa = PBXBuildFile; fileRef = 42B334F92801B8F100CDCD41 /* DateUtils.swift */; };
		7F8D032DCCE9C73E5F650A5A /* Pods_SafeUnwrap.framework in Frameworks */ = {isa = PBXBuildFile; fileRef = D075C5FAFD2B6B0A3C30FED4 /* Pods_SafeUnwrap.framework */; };
/* End PBXBuildFile section */

/* Begin PBXFileReference section */
		2EE1E1E9E2A4D2418148DB5E /* Pods-SafeUnwrap.debug.xcconfig */ = {isa = PBXFileReference; includeInIndex = 1; lastKnownFileType = text.xcconfig; name = "Pods-SafeUnwrap.debug.xcconfig"; path = "Target Support Files/Pods-SafeUnwrap/Pods-SafeUnwrap.debug.xcconfig"; sourceTree = "<group>"; };
		42B334DE2801B5B800CDCD41 /* SafeUnwrap.app */ = {isa = PBXFileReference; explicitFileType = wrapper.application; includeInIndex = 0; path = SafeUnwrap.app; sourceTree = BUILT_PRODUCTS_DIR; };
		42B334E12801B5B800CDCD41 /* AppDelegate.swift */ = {isa = PBXFileReference; lastKnownFileType = sourcecode.swift; path = AppDelegate.swift; sourceTree = "<group>"; };
		42B334EA2801B5BA00CDCD41 /* Assets.xcassets */ = {isa = PBXFileReference; lastKnownFileType = folder.assetcatalog; path = Assets.xcassets; sourceTree = "<group>"; };
		42B334ED2801B5BA00CDCD41 /* Base */ = {isa = PBXFileReference; lastKnownFileType = file.storyboard; name = Base; path = Base.lproj/LaunchScreen.storyboard; sourceTree = "<group>"; };
		42B334EF2801B5BA00CDCD41 /* Info.plist */ = {isa = PBXFileReference; lastKnownFileType = text.plist.xml; path = Info.plist; sourceTree = "<group>"; };
		42B334F52801B66E00CDCD41 /* SafeUnwrap.swift */ = {isa = PBXFileReference; lastKnownFileType = sourcecode.swift; path = SafeUnwrap.swift; sourceTree = "<group>"; };
		42B334F72801B6C700CDCD41 /* ExampleViewController.swift */ = {isa = PBXFileReference; lastKnownFileType = sourcecode.swift; path = ExampleViewController.swift; sourceTree = "<group>"; };
		42B334F92801B8F100CDCD41 /* DateUtils.swift */ = {isa = PBXFileReference; lastKnownFileType = sourcecode.swift; path = DateUtils.swift; sourceTree = "<group>"; };
		90DFD0DB62597915322F33F4 /* Pods-SafeUnwrap.release.xcconfig */ = {isa = PBXFileReference; includeInIndex = 1; lastKnownFileType = text.xcconfig; name = "Pods-SafeUnwrap.release.xcconfig"; path = "Target Support Files/Pods-SafeUnwrap/Pods-SafeUnwrap.release.xcconfig"; sourceTree = "<group>"; };
		D075C5FAFD2B6B0A3C30FED4 /* Pods_SafeUnwrap.framework */ = {isa = PBXFileReference; explicitFileType = wrapper.framework; includeInIndex = 0; path = Pods_SafeUnwrap.framework; sourceTree = BUILT_PRODUCTS_DIR; };
/* End PBXFileReference section */

/* Begin PBXFrameworksBuildPhase section */
		42B334DB2801B5B800CDCD41 /* Frameworks */ = {
			isa = PBXFrameworksBuildPhase;
			buildActionMask = 2147483647;
			files = (
				7F8D032DCCE9C73E5F650A5A /* Pods_SafeUnwrap.framework in Frameworks */,
			);
			runOnlyForDeploymentPostprocessing = 0;
		};
/* End PBXFrameworksBuildPhase section */

/* Begin PBXGroup section */
		04CCB450E329F03EE382F3DF /* Frameworks */ = {
			isa = PBXGroup;
			children = (
				D075C5FAFD2B6B0A3C30FED4 /* Pods_SafeUnwrap.framework */,
			);
			name = Frameworks;
			sourceTree = "<group>";
		};
		42B334D52801B5B800CDCD41 = {
			isa = PBXGroup;
			children = (
				42B334E02801B5B800CDCD41 /* SafeUnwrap */,
				42B334DF2801B5B800CDCD41 /* Products */,
				63FA979928CBB4505EDC22DD /* Pods */,
				04CCB450E329F03EE382F3DF /* Frameworks */,
			);
			sourceTree = "<group>";
		};
		42B334DF2801B5B800CDCD41 /* Products */ = {
			isa = PBXGroup;
			children = (
				42B334DE2801B5B800CDCD41 /* SafeUnwrap.app */,
			);
			name = Products;
			sourceTree = "<group>";
		};
		42B334E02801B5B800CDCD41 /* SafeUnwrap */ = {
			isa = PBXGroup;
			children = (
				42B334E12801B5B800CDCD41 /* AppDelegate.swift */,
				42B334EA2801B5BA00CDCD41 /* Assets.xcassets */,
				42B334EC2801B5BA00CDCD41 /* LaunchScreen.storyboard */,
				42B334EF2801B5BA00CDCD41 /* Info.plist */,
				42B334F72801B6C700CDCD41 /* ExampleViewController.swift */,
				42B334F52801B66E00CDCD41 /* SafeUnwrap.swift */,
				42B334F92801B8F100CDCD41 /* DateUtils.swift */,
			);
			path = SafeUnwrap;
			sourceTree = "<group>";
		};
		63FA979928CBB4505EDC22DD /* Pods */ = {
			isa = PBXGroup;
			children = (
				2EE1E1E9E2A4D2418148DB5E /* Pods-SafeUnwrap.debug.xcconfig */,
				90DFD0DB62597915322F33F4 /* Pods-SafeUnwrap.release.xcconfig */,
			);
			path = Pods;
			sourceTree = "<group>";
		};
/* End PBXGroup section */

/* Begin PBXNativeTarget section */
		42B334DD2801B5B800CDCD41 /* SafeUnwrap */ = {
			isa = PBXNativeTarget;
			buildConfigurationList = 42B334F22801B5BA00CDCD41 /* Build configuration list for PBXNativeTarget "SafeUnwrap" */;
			buildPhases = (
				8805B408C2299B571511CDF1 /* [CP] Check Pods Manifest.lock */,
				42B334DA2801B5B800CDCD41 /* Sources */,
				42B334DB2801B5B800CDCD41 /* Frameworks */,
				42B334DC2801B5B800CDCD41 /* Resources */,
				AAF223B27EBB47202AA5286C /* [CP] Embed Pods Frameworks */,
			);
			buildRules = (
			);
			dependencies = (
			);
			name = SafeUnwrap;
			productName = SafeUnwrap;
			productReference = 42B334DE2801B5B800CDCD41 /* SafeUnwrap.app */;
			productType = "com.apple.product-type.application";
		};
/* End PBXNativeTarget section */

/* Begin PBXProject section */
		42B334D62801B5B800CDCD41 /* Project object */ = {
			isa = PBXProject;
			attributes = {
				LastSwiftUpdateCheck = 1250;
				LastUpgradeCheck = 1250;
				TargetAttributes = {
					42B334DD2801B5B800CDCD41 = {
						CreatedOnToolsVersion = 12.5.1;
					};
				};
			};
			buildConfigurationList = 42B334D92801B5B800CDCD41 /* Build configuration list for PBXProject "SafeUnwrap" */;
			compatibilityVersion = "Xcode 9.3";
			developmentRegion = en;
			hasScannedForEncodings = 0;
			knownRegions = (
				en,
				Base,
			);
			mainGroup = 42B334D52801B5B800CDCD41;
			productRefGroup = 42B334DF2801B5B800CDCD41 /* Products */;
			projectDirPath = "";
			projectRoot = "";
			targets = (
				42B334DD2801B5B800CDCD41 /* SafeUnwrap */,
			);
		};
/* End PBXProject section */

/* Begin PBXResourcesBuildPhase section */
		42B334DC2801B5B800CDCD41 /* Resources */ = {
			isa = PBXResourcesBuildPhase;
			buildActionMask = 2147483647;
			files = (
				42B334EE2801B5BA00CDCD41 /* LaunchScreen.storyboard in Resources */,
				42B334EB2801B5BA00CDCD41 /* Assets.xcassets in Resources */,
			);
			runOnlyForDeploymentPostprocessing = 0;
		};
/* End PBXResourcesBuildPhase section */

/* Begin PBXShellScriptBuildPhase section */
		8805B408C2299B571511CDF1 /* [CP] Check Pods Manifest.lock */ = {
			isa = PBXShellScriptBuildPhase;
			buildActionMask = 2147483647;
			files = (
			);
			inputFileListPaths = (
			);
			inputPaths = (
				"${PODS_PODFILE_DIR_PATH}/Podfile.lock",
				"${PODS_ROOT}/Manifest.lock",
			);
			name = "[CP] Check Pods Manifest.lock";
			outputFileListPaths = (
			);
			outputPaths = (
				"$(DERIVED_FILE_DIR)/Pods-SafeUnwrap-checkManifestLockResult.txt",
			);
			runOnlyForDeploymentPostprocessing = 0;
			shellPath = /bin/sh;
			shellScript = "diff \"${PODS_PODFILE_DIR_PATH}/Podfile.lock\" \"${PODS_ROOT}/Manifest.lock\" > /dev/null\nif [ $? != 0 ] ; then\n    # print error to STDERR\n    echo \"error: The sandbox is not in sync with the Podfile.lock. Run 'pod install' or update your CocoaPods installation.\" >&2\n    exit 1\nfi\n# This output is used by Xcode 'outputs' to avoid re-running this script phase.\necho \"SUCCESS\" > \"${SCRIPT_OUTPUT_FILE_0}\"\n";
			showEnvVarsInLog = 0;
		};
		AAF223B27EBB47202AA5286C /* [CP] Embed Pods Frameworks */ = {
			isa = PBXShellScriptBuildPhase;
			buildActionMask = 2147483647;
			files = (
			);
			inputFileListPaths = (
				"${PODS_ROOT}/Target Support Files/Pods-SafeUnwrap/Pods-SafeUnwrap-frameworks-${CONFIGURATION}-input-files.xcfilelist",
			);
			name = "[CP] Embed Pods Frameworks";
			outputFileListPaths = (
				"${PODS_ROOT}/Target Support Files/Pods-SafeUnwrap/Pods-SafeUnwrap-frameworks-${CONFIGURATION}-output-files.xcfilelist",
			);
			runOnlyForDeploymentPostprocessing = 0;
			shellPath = /bin/sh;
			shellScript = "\"${PODS_ROOT}/Target Support Files/Pods-SafeUnwrap/Pods-SafeUnwrap-frameworks.sh\"\n";
			showEnvVarsInLog = 0;
		};
/* End PBXShellScriptBuildPhase section */

/* Begin PBXSourcesBuildPhase section */
		42B334DA2801B5B800CDCD41 /* Sources */ = {
			isa = PBXSourcesBuildPhase;
			buildActionMask = 2147483647;
			files = (
				42B334E22801B5B800CDCD41 /* AppDelegate.swift in Sources */,
				42B334F82801B6C700CDCD41 /* ExampleViewController.swift in Sources */,
				42B334FA2801B8F100CDCD41 /* DateUtils.swift in Sources */,
				42B334F62801B66E00CDCD41 /* SafeUnwrap.swift in Sources */,
			);
			runOnlyForDeploymentPostprocessing = 0;
		};
/* End PBXSourcesBuildPhase section */

/* Begin PBXVariantGroup section */
		42B334EC2801B5BA00CDCD41 /* LaunchScreen.storyboard */ = {
			isa = PBXVariantGroup;
			children = (
				42B334ED2801B5BA00CDCD41 /* Base */,
			);
			name = LaunchScreen.storyboard;
			sourceTree = "<group>";
		};
/* End PBXVariantGroup section */

/* Begin XCBuildConfiguration section */
		42B334F02801B5BA00CDCD41 /* Debug */ = {
			isa = XCBuildConfiguration;
			buildSettings = {
				ALWAYS_SEARCH_USER_PATHS = NO;
				CLANG_ANALYZER_NONNULL = YES;
				CLANG_ANALYZER_NUMBER_OBJECT_CONVERSION = YES_AGGRESSIVE;
				CLANG_CXX_LANGUAGE_STANDARD = "gnu++14";
				CLANG_CXX_LIBRARY = "libc++";
				CLANG_ENABLE_MODULES = YES;
				CLANG_ENABLE_OBJC_ARC = YES;
				CLANG_ENABLE_OBJC_WEAK = YES;
				CLANG_WARN_BLOCK_CAPTURE_AUTORELEASING = YES;
				CLANG_WARN_BOOL_CONVERSION = YES;
				CLANG_WARN_COMMA = YES;
				CLANG_WARN_CONSTANT_CONVERSION = YES;
				CLANG_WARN_DEPRECATED_OBJC_IMPLEMENTATIONS = YES;
				CLANG_WARN_DIRECT_OBJC_ISA_USAGE = YES_ERROR;
				CLANG_WARN_DOCUMENTATION_COMMENTS = YES;
				CLANG_WARN_EMPTY_BODY = YES;
				CLANG_WARN_ENUM_CONVERSION = YES;
				CLANG_WARN_INFINITE_RECURSION = YES;
				CLANG_WARN_INT_CONVERSION = YES;
				CLANG_WARN_NON_LITERAL_NULL_CONVERSION = YES;
				CLANG_WARN_OBJC_IMPLICIT_RETAIN_SELF = YES;
				CLANG_WARN_OBJC_LITERAL_CONVERSION = YES;
				CLANG_WARN_OBJC_ROOT_CLASS = YES_ERROR;
				CLANG_WARN_QUOTED_INCLUDE_IN_FRAMEWORK_HEADER = YES;
				CLANG_WARN_RANGE_LOOP_ANALYSIS = YES;
				CLANG_WARN_STRICT_PROTOTYPES = YES;
				CLANG_WARN_SUSPICIOUS_MOVE = YES;
				CLANG_WARN_UNGUARDED_AVAILABILITY = YES_AGGRESSIVE;
				CLANG_WARN_UNREACHABLE_CODE = YES;
				CLANG_WARN__DUPLICATE_METHOD_MATCH = YES;
				COPY_PHASE_STRIP = NO;
				DEBUG_INFORMATION_FORMAT = dwarf;
				ENABLE_STRICT_OBJC_MSGSEND = YES;
				ENABLE_TESTABILITY = YES;
				GCC_C_LANGUAGE_STANDARD = gnu11;
				GCC_DYNAMIC_NO_PIC = NO;
				GCC_NO_COMMON_BLOCKS = YES;
				GCC_OPTIMIZATION_LEVEL = 0;
				GCC_PREPROCESSOR_DEFINITIONS = (
					"DEBUG=1",
					"$(inherited)",
				);
				GCC_WARN_64_TO_32_BIT_CONVERSION = YES;
				GCC_WARN_ABOUT_RETURN_TYPE = YES_ERROR;
				GCC_WARN_UNDECLARED_SELECTOR = YES;
				GCC_WARN_UNINITIALIZED_AUTOS = YES_AGGRESSIVE;
				GCC_WARN_UNUSED_FUNCTION = YES;
				GCC_WARN_UNUSED_VARIABLE = YES;
				IPHONEOS_DEPLOYMENT_TARGET = 14.5;
				MTL_ENABLE_DEBUG_INFO = INCLUDE_SOURCE;
				MTL_FAST_MATH = YES;
				ONLY_ACTIVE_ARCH = YES;
				SDKROOT = iphoneos;
				SWIFT_ACTIVE_COMPILATION_CONDITIONS = DEBUG;
				SWIFT_OPTIMIZATION_LEVEL = "-Onone";
			};
			name = Debug;
		};
		42B334F12801B5BA00CDCD41 /* Release */ = {
			isa = XCBuildConfiguration;
			buildSettings = {
				ALWAYS_SEARCH_USER_PATHS = NO;
				CLANG_ANALYZER_NONNULL = YES;
				CLANG_ANALYZER_NUMBER_OBJECT_CONVERSION = YES_AGGRESSIVE;
				CLANG_CXX_LANGUAGE_STANDARD = "gnu++14";
				CLANG_CXX_LIBRARY = "libc++";
				CLANG_ENABLE_MODULES = YES;
				CLANG_ENABLE_OBJC_ARC = YES;
				CLANG_ENABLE_OBJC_WEAK = YES;
				CLANG_WARN_BLOCK_CAPTURE_AUTORELEASING = YES;
				CLANG_WARN_BOOL_CONVERSION = YES;
				CLANG_WARN_COMMA = YES;
				CLANG_WARN_CONSTANT_CONVERSION = YES;
				CLANG_WARN_DEPRECATED_OBJC_IMPLEMENTATIONS = YES;
				CLANG_WARN_DIRECT_OBJC_ISA_USAGE = YES_ERROR;
				CLANG_WARN_DOCUMENTATION_COMMENTS = YES;
				CLANG_WARN_EMPTY_BODY = YES;
				CLANG_WARN_ENUM_CONVERSION = YES;
				CLANG_WARN_INFINITE_RECURSION = YES;
				CLANG_WARN_INT_CONVERSION = YES;
				CLANG_WARN_NON_LITERAL_NULL_CONVERSION = YES;
				CLANG_WARN_OBJC_IMPLICIT_RETAIN_SELF = YES;
				CLANG_WARN_OBJC_LITERAL_CONVERSION = YES;
				CLANG_WARN_OBJC_ROOT_CLASS = YES_ERROR;
				CLANG_WARN_QUOTED_INCLUDE_IN_FRAMEWORK_HEADER = YES;
				CLANG_WARN_RANGE_LOOP_ANALYSIS = YES;
				CLANG_WARN_STRICT_PROTOTYPES = YES;
				CLANG_WARN_SUSPICIOUS_MOVE = YES;
				CLANG_WARN_UNGUARDED_AVAILABILITY = YES_AGGRESSIVE;
				CLANG_WARN_UNREACHABLE_CODE = YES;
				CLANG_WARN__DUPLICATE_METHOD_MATCH = YES;
				COPY_PHASE_STRIP = NO;
				DEBUG_INFORMATION_FORMAT = "dwarf-with-dsym";
				ENABLE_NS_ASSERTIONS = NO;
				ENABLE_STRICT_OBJC_MSGSEND = YES;
				GCC_C_LANGUAGE_STANDARD = gnu11;
				GCC_NO_COMMON_BLOCKS = YES;
				GCC_WARN_64_TO_32_BIT_CONVERSION = YES;
				GCC_WARN_ABOUT_RETURN_TYPE = YES_ERROR;
				GCC_WARN_UNDECLARED_SELECTOR = YES;
				GCC_WARN_UNINITIALIZED_AUTOS = YES_AGGRESSIVE;
				GCC_WARN_UNUSED_FUNCTION = YES;
				GCC_WARN_UNUSED_VARIABLE = YES;
				IPHONEOS_DEPLOYMENT_TARGET = 14.5;
				MTL_ENABLE_DEBUG_INFO = NO;
				MTL_FAST_MATH = YES;
				SDKROOT = iphoneos;
				SWIFT_COMPILATION_MODE = wholemodule;
				SWIFT_OPTIMIZATION_LEVEL = "-O";
				VALIDATE_PRODUCT = YES;
			};
			name = Release;
		};
		42B334F32801B5BA00CDCD41 /* Debug */ = {
			isa = XCBuildConfiguration;
			baseConfigurationReference = 2EE1E1E9E2A4D2418148DB5E /* Pods-SafeUnwrap.debug.xcconfig */;
			buildSettings = {
				ASSETCATALOG_COMPILER_APPICON_NAME = AppIcon;
				ASSETCATALOG_COMPILER_GLOBAL_ACCENT_COLOR_NAME = AccentColor;
				CODE_SIGN_STYLE = Automatic;
				DEVELOPMENT_TEAM = FKYKQ78NXT;
				INFOPLIST_FILE = SafeUnwrap/Info.plist;
				LD_RUNPATH_SEARCH_PATHS = (
					"$(inherited)",
					"@executable_path/Frameworks",
				);
				PRODUCT_BUNDLE_IDENTIFIER = mert.gokduman.com.SafeUnwrap;
				PRODUCT_NAME = "$(TARGET_NAME)";
				SWIFT_VERSION = 5.0;
				TARGETED_DEVICE_FAMILY = "1,2";
			};
			name = Debug;
		};
		42B334F42801B5BA00CDCD41 /* Release */ = {
			isa = XCBuildConfiguration;
			baseConfigurationReference = 90DFD0DB62597915322F33F4 /* Pods-SafeUnwrap.release.xcconfig */;
			buildSettings = {
				ASSETCATALOG_COMPILER_APPICON_NAME = AppIcon;
				ASSETCATALOG_COMPILER_GLOBAL_ACCENT_COLOR_NAME = AccentColor;
				CODE_SIGN_STYLE = Automatic;
				DEVELOPMENT_TEAM = FKYKQ78NXT;
				INFOPLIST_FILE = SafeUnwrap/Info.plist;
				LD_RUNPATH_SEARCH_PATHS = (
					"$(inherited)",
					"@executable_path/Frameworks",
				);
				PRODUCT_BUNDLE_IDENTIFIER = mert.gokduman.com.SafeUnwrap;
				PRODUCT_NAME = "$(TARGET_NAME)";
				SWIFT_VERSION = 5.0;
				TARGETED_DEVICE_FAMILY = "1,2";
			};
			name = Release;
		};
/* End XCBuildConfiguration section */

/* Begin XCConfigurationList section */
		42B334D92801B5B800CDCD41 /* Build configuration list for PBXProject "SafeUnwrap" */ = {
			isa = XCConfigurationList;
			buildConfigurations = (
				42B334F02801B5BA00CDCD41 /* Debug */,
				42B334F12801B5BA00CDCD41 /* Release */,
			);
			defaultConfigurationIsVisible = 0;
			defaultConfigurationName = Release;
		};
		42B334F22801B5BA00CDCD41 /* Build configuration list for PBXNativeTarget "SafeUnwrap" */ = {
			isa = XCConfigurationList;
			buildConfigurations = (
				42B334F32801B5BA00CDCD41 /* Debug */,
				42B334F42801B5BA00CDCD41 /* Release */,
			);
			defaultConfigurationIsVisible = 0;
			defaultConfigurationName = Release;
		};
/* End XCConfigurationList section */
	};
	rootObject = 42B334D62801B5B800CDCD41 /* Project object */;
}
